
Microsoft Visual Studio Solution File, Format Version 12.00
# Visual Studio Version 17
VisualStudioVersion = 17.5.33516.290
MinimumVisualStudioVersion = 10.0.40219.1
Project("{FAE04EC0-301F-11D3-BF4B-00C04F79EFBC}") = "HTTPServer", "ConsoleApp2\HTTPServer.csproj", "{AB43605A-4129-4D8E-AE1A-E709384385AB}"
EndProject
Global
	GlobalSection(SolutionConfigurationPlatforms) = preSolution
		Debug|Any CPU = Debug|Any CPU
		Release|Any CPU = Release|Any CPU
	EndGlobalSection
	GlobalSection(ProjectConfigurationPlatforms) = postSolution
		{AB43605A-4129-4D8E-AE1A-E709384385AB}.Debug|Any CPU.ActiveCfg = Debug|Any CPU
		{AB43605A-4129-4D8E-AE1A-E709384385AB}.Debug|Any CPU.Build.0 = Debug|Any CPU
		{AB43605A-4129-4D8E-AE1A-E709384385AB}.Release|Any CPU.ActiveCfg = Release|Any CPU
		{AB43605A-4129-4D8E-AE1A-E709384385AB}.Release|Any CPU.Build.0 = Release|Any CPU
	EndGlobalSection
	GlobalSection(SolutionProperties) = preSolution
		HideSolutionNode = FALSE
	EndGlobalSection
	GlobalSection(ExtensibilityGlobals) = postSolution
		SolutionGuid = {63548FC5-7F29-46B3-B542-067C7C407772}
	EndGlobalSection
EndGlobal
