
Microsoft Visual Studio Solution File, Format Version 12.00
# Visual Studio Version 17
VisualStudioVersion = 17.5.33516.290
MinimumVisualStudioVersion = 10.0.40219.1
Project("{FAE04EC0-301F-11D3-BF4B-00C04F79EFBC}") = "Question1", "Question1\Question1.csproj", "{38FB59BF-07A0-460A-8526-7753D68564BC}"
EndProject
Global
	GlobalSection(SolutionConfigurationPlatforms) = preSolution
		Debug|Any CPU = Debug|Any CPU
		Release|Any CPU = Release|Any CPU
	EndGlobalSection
	GlobalSection(ProjectConfigurationPlatforms) = postSolution
		{38FB59BF-07A0-460A-8526-7753D68564BC}.Debug|Any CPU.ActiveCfg = Debug|Any CPU
		{38FB59BF-07A0-460A-8526-7753D68564BC}.Debug|Any CPU.Build.0 = Debug|Any CPU
		{38FB59BF-07A0-460A-8526-7753D68564BC}.Release|Any CPU.ActiveCfg = Release|Any CPU
		{38FB59BF-07A0-460A-8526-7753D68564BC}.Release|Any CPU.Build.0 = Release|Any CPU
	EndGlobalSection
	GlobalSection(SolutionProperties) = preSolution
		HideSolutionNode = FALSE
	EndGlobalSection
	GlobalSection(ExtensibilityGlobals) = postSolution
		SolutionGuid = {A9503407-FBD2-412A-9099-2E381307BB79}
	EndGlobalSection
EndGlobal
